{
  "name": "pooptrivia_1",
  "version": "3.5.2",
  "lockfileVersion": 1,
  "requires": true,
  "dependencies": {
    "xlsx": {
      "version": "https://cdn.sheetjs.com/xlsx-0.18.12/xlsx-0.18.12.tgz",
      "integrity": "sha512-r2BPq7Gfk9zang+UYmC7fy8rWIN+cJ+xkTRoNc0ftO/ZQe7AHAVyTJoWh89vp6E6u9wymyHL2GlC8IuXRww1ww=="
    }
  }
}
